Microsoft Visual Studio Solution File, Format Version 12.00
# Visual Studio 14
VisualStudioVersion = 14.0.25420.1
MinimumVisualStudioVersion = 10.0.40219.1
Project("{FAE04EC0-301F-11D3-BF4B-00C04F79EFBC}") = "Unity.Living.App.Android", "Unity.Living.App.Android\Unity.Living.App.Android.csproj", "{6BE27B2E-552F-43B2-82D5-058D7F180CEC}"
EndProject
Project("{FAE04EC0-301F-11D3-BF4B-00C04F79EFBC}") = "Unity.Living.App.Portable", "Unity.Living.App.Portable\Unity.Living.App.Portable.csproj", "{028799A4-E2FD-4901-B950-666C00EFBF63}"
EndProject
Global
	GlobalSection(SolutionConfigurationPlatforms) = preSolution
		Ad-Hoc|Any CPU = Ad-Hoc|Any CPU
		Ad-Hoc|ARM = Ad-Hoc|ARM
		Ad-Hoc|iPhone = Ad-Hoc|iPhone
		Ad-Hoc|iPhoneSimulator = Ad-Hoc|iPhoneSimulator
		Ad-Hoc|Mixed Platforms = Ad-Hoc|Mixed Platforms
		Ad-Hoc|x64 = Ad-Hoc|x64
		Ad-Hoc|x86 = Ad-Hoc|x86
		AppStore|Any CPU = AppStore|Any CPU
		AppStore|ARM = AppStore|ARM
		AppStore|iPhone = AppStore|iPhone
		AppStore|iPhoneSimulator = AppStore|iPhoneSimulator
		AppStore|Mixed Platforms = AppStore|Mixed Platforms
		AppStore|x64 = AppStore|x64
		AppStore|x86 = AppStore|x86
		Debug|Any CPU = Debug|Any CPU
		Debug|ARM = Debug|ARM
		Debug|iPhone = Debug|iPhone
		Debug|iPhoneSimulator = Debug|iPhoneSimulator
		Debug|Mixed Platforms = Debug|Mixed Platforms
		Debug|x64 = Debug|x64
		Debug|x86 = Debug|x86
		Release|Any CPU = Release|Any CPU
		Release|ARM = Release|ARM
		Release|iPhone = Release|iPhone
		Release|iPhoneSimulator = Release|iPhoneSimulator
		Release|Mixed Platforms = Release|Mixed Platforms
		Release|x64 = Release|x64
		Release|x86 = Release|x86
	EndGlobalSection
	GlobalSection(ProjectConfigurationPlatforms) = postSolution
		{6BE27B2E-552F-43B2-82D5-058D7F180CEC}.Ad-Hoc|Any CPU.ActiveCfg = Release|Any CPU
		{6BE27B2E-552F-43B2-82D5-058D7F180CEC}.Ad-Hoc|Any CPU.Build.0 = Release|Any CPU
		{6BE27B2E-552F-43B2-82D5-058D7F180CEC}.Ad-Hoc|Any CPU.Deploy.0 = Release|Any CPU
		{6BE27B2E-552F-43B2-82D5-058D7F180CEC}.Ad-Hoc|ARM.ActiveCfg = Release|Any CPU
		{6BE27B2E-552F-43B2-82D5-058D7F180CEC}.Ad-Hoc|iPhone.ActiveCfg = Debug|Any CPU
		{6BE27B2E-552F-43B2-82D5-058D7F180CEC}.Ad-Hoc|iPhone.Build.0 = Debug|Any CPU
		{6BE27B2E-552F-43B2-82D5-058D7F180CEC}.Ad-Hoc|iPhoneSimulator.ActiveCfg = Release|Any CPU
		{6BE27B2E-552F-43B2-82D5-058D7F180CEC}.Ad-Hoc|Mixed Platforms.ActiveCfg = Release|Any CPU
		{6BE27B2E-552F-43B2-82D5-058D7F180CEC}.Ad-Hoc|Mixed Platforms.Build.0 = Release|Any CPU
		{6BE27B2E-552F-43B2-82D5-058D7F180CEC}.Ad-Hoc|Mixed Platforms.Deploy.0 = Release|Any CPU
		{6BE27B2E-552F-43B2-82D5-058D7F180CEC}.Ad-Hoc|x64.ActiveCfg = Debug|Any CPU
		{6BE27B2E-552F-43B2-82D5-058D7F180CEC}.Ad-Hoc|x86.ActiveCfg = Release|Any CPU
		{6BE27B2E-552F-43B2-82D5-058D7F180CEC}.AppStore|Any CPU.ActiveCfg = Release|Any CPU
		{6BE27B2E-552F-43B2-82D5-058D7F180CEC}.AppStore|Any CPU.Build.0 = Release|Any CPU
		{6BE27B2E-552F-43B2-82D5-058D7F180CEC}.AppStore|Any CPU.Deploy.0 = Release|Any CPU
		{6BE27B2E-552F-43B2-82D5-058D7F180CEC}.AppStore|ARM.ActiveCfg = Release|Any CPU
		{6BE27B2E-552F-43B2-82D5-058D7F180CEC}.AppStore|iPhone.ActiveCfg = Debug|Any CPU
		{6BE27B2E-552F-43B2-82D5-058D7F180CEC}.AppStore|iPhone.Build.0 = Debug|Any CPU
		{6BE27B2E-552F-43B2-82D5-058D7F180CEC}.AppStore|iPhoneSimulator.ActiveCfg = Release|Any CPU
		{6BE27B2E-552F-43B2-82D5-058D7F180CEC}.AppStore|Mixed Platforms.ActiveCfg = Release|Any CPU
		{6BE27B2E-552F-43B2-82D5-058D7F180CEC}.AppStore|Mixed Platforms.Build.0 = Release|Any CPU
		{6BE27B2E-552F-43B2-82D5-058D7F180CEC}.AppStore|Mixed Platforms.Deploy.0 = Release|Any CPU
		{6BE27B2E-552F-43B2-82D5-058D7F180CEC}.AppStore|x64.ActiveCfg = Debug|Any CPU
		{6BE27B2E-552F-43B2-82D5-058D7F180CEC}.AppStore|x86.ActiveCfg = Release|Any CPU
		{6BE27B2E-552F-43B2-82D5-058D7F180CEC}.Debug|Any CPU.ActiveCfg = Debug|Any CPU
		{6BE27B2E-552F-43B2-82D5-058D7F180CEC}.Debug|Any CPU.Build.0 = Debug|Any CPU
		{6BE27B2E-552F-43B2-82D5-058D7F180CEC}.Debug|Any CPU.Deploy.0 = Debug|Any CPU
		{6BE27B2E-552F-43B2-82D5-058D7F180CEC}.Debug|ARM.ActiveCfg = Debug|Any CPU
		{6BE27B2E-552F-43B2-82D5-058D7F180CEC}.Debug|iPhone.ActiveCfg = Debug|Any CPU
		{6BE27B2E-552F-43B2-82D5-058D7F180CEC}.Debug|iPhoneSimulator.ActiveCfg = Debug|Any CPU
		{6BE27B2E-552F-43B2-82D5-058D7F180CEC}.Debug|Mixed Platforms.ActiveCfg = Debug|Any CPU
		{6BE27B2E-552F-43B2-82D5-058D7F180CEC}.Debug|Mixed Platforms.Build.0 = Debug|Any CPU
		{6BE27B2E-552F-43B2-82D5-058D7F180CEC}.Debug|Mixed Platforms.Deploy.0 = Debug|Any CPU
		{6BE27B2E-552F-43B2-82D5-058D7F180CEC}.Debug|x64.ActiveCfg = Debug|Any CPU
		{6BE27B2E-552F-43B2-82D5-058D7F180CEC}.Debug|x86.ActiveCfg = Debug|Any CPU
		{6BE27B2E-552F-43B2-82D5-058D7F180CEC}.Release|Any CPU.ActiveCfg = Release|Any CPU
		{6BE27B2E-552F-43B2-82D5-058D7F180CEC}.Release|Any CPU.Build.0 = Release|Any CPU
		{6BE27B2E-552F-43B2-82D5-058D7F180CEC}.Release|Any CPU.Deploy.0 = Release|Any CPU
		{6BE27B2E-552F-43B2-82D5-058D7F180CEC}.Release|ARM.ActiveCfg = Release|Any CPU
		{6BE27B2E-552F-43B2-82D5-058D7F180CEC}.Release|iPhone.ActiveCfg = Release|Any CPU
		{6BE27B2E-552F-43B2-82D5-058D7F180CEC}.Release|iPhone.Build.0 = Release|Any CPU
		{6BE27B2E-552F-43B2-82D5-058D7F180CEC}.Release|iPhoneSimulator.ActiveCfg = Release|Any CPU
		{6BE27B2E-552F-43B2-82D5-058D7F180CEC}.Release|iPhoneSimulator.Build.0 = Release|Any CPU
		{6BE27B2E-552F-43B2-82D5-058D7F180CEC}.Release|Mixed Platforms.ActiveCfg = Release|Any CPU
		{6BE27B2E-552F-43B2-82D5-058D7F180CEC}.Release|Mixed Platforms.Build.0 = Release|Any CPU
		{6BE27B2E-552F-43B2-82D5-058D7F180CEC}.Release|Mixed Platforms.Deploy.0 = Release|Any CPU
		{6BE27B2E-552F-43B2-82D5-058D7F180CEC}.Release|x64.ActiveCfg = Release|Any CPU
		{6BE27B2E-552F-43B2-82D5-058D7F180CEC}.Release|x86.ActiveCfg = Release|Any CPU
		{028799A4-E2FD-4901-B950-666C00EFBF63}.Ad-Hoc|Any CPU.ActiveCfg = Release|Any CPU
		{028799A4-E2FD-4901-B950-666C00EFBF63}.Ad-Hoc|Any CPU.Build.0 = Release|Any CPU
		{028799A4-E2FD-4901-B950-666C00EFBF63}.Ad-Hoc|ARM.ActiveCfg = Release|Any CPU
		{028799A4-E2FD-4901-B950-666C00EFBF63}.Ad-Hoc|iPhone.ActiveCfg = Release|Any CPU
		{028799A4-E2FD-4901-B950-666C00EFBF63}.Ad-Hoc|iPhoneSimulator.ActiveCfg = Release|Any CPU
		{028799A4-E2FD-4901-B950-666C00EFBF63}.Ad-Hoc|Mixed Platforms.ActiveCfg = Release|Any CPU
		{028799A4-E2FD-4901-B950-666C00EFBF63}.Ad-Hoc|Mixed Platforms.Build.0 = Release|Any CPU
		{028799A4-E2FD-4901-B950-666C00EFBF63}.Ad-Hoc|x64.ActiveCfg = Debug|Any CPU
		{028799A4-E2FD-4901-B950-666C00EFBF63}.Ad-Hoc|x86.ActiveCfg = Release|Any CPU
		{028799A4-E2FD-4901-B950-666C00EFBF63}.AppStore|Any CPU.ActiveCfg = Release|Any CPU
		{028799A4-E2FD-4901-B950-666C00EFBF63}.AppStore|Any CPU.Build.0 = Release|Any CPU
		{028799A4-E2FD-4901-B950-666C00EFBF63}.AppStore|ARM.ActiveCfg = Release|Any CPU
		{028799A4-E2FD-4901-B950-666C00EFBF63}.AppStore|iPhone.ActiveCfg = Release|Any CPU
		{028799A4-E2FD-4901-B950-666C00EFBF63}.AppStore|iPhoneSimulator.ActiveCfg = Release|Any CPU
		{028799A4-E2FD-4901-B950-666C00EFBF63}.AppStore|Mixed Platforms.ActiveCfg = Release|Any CPU
		{028799A4-E2FD-4901-B950-666C00EFBF63}.AppStore|Mixed Platforms.Build.0 = Release|Any CPU
		{028799A4-E2FD-4901-B950-666C00EFBF63}.AppStore|x64.ActiveCfg = Debug|Any CPU
		{028799A4-E2FD-4901-B950-666C00EFBF63}.AppStore|x86.ActiveCfg = Release|Any CPU
		{028799A4-E2FD-4901-B950-666C00EFBF63}.Debug|Any CPU.ActiveCfg = Debug|Any CPU
		{028799A4-E2FD-4901-B950-666C00EFBF63}.Debug|Any CPU.Build.0 = Debug|Any CPU
		{028799A4-E2FD-4901-B950-666C00EFBF63}.Debug|ARM.ActiveCfg = Debug|Any CPU
		{028799A4-E2FD-4901-B950-666C00EFBF63}.Debug|iPhone.ActiveCfg = Debug|Any CPU
		{028799A4-E2FD-4901-B950-666C00EFBF63}.Debug|iPhone.Build.0 = Debug|Any CPU
		{028799A4-E2FD-4901-B950-666C00EFBF63}.Debug|iPhoneSimulator.ActiveCfg = Debug|Any CPU
		{028799A4-E2FD-4901-B950-666C00EFBF63}.Debug|iPhoneSimulator.Build.0 = Debug|Any CPU
		{028799A4-E2FD-4901-B950-666C00EFBF63}.Debug|Mixed Platforms.ActiveCfg = Debug|Any CPU
		{028799A4-E2FD-4901-B950-666C00EFBF63}.Debug|Mixed Platforms.Build.0 = Debug|Any CPU
		{028799A4-E2FD-4901-B950-666C00EFBF63}.Debug|x64.ActiveCfg = Debug|Any CPU
		{028799A4-E2FD-4901-B950-666C00EFBF63}.Debug|x86.ActiveCfg = Debug|Any CPU
		{028799A4-E2FD-4901-B950-666C00EFBF63}.Debug|x86.Build.0 = Debug|Any CPU
		{028799A4-E2FD-4901-B950-666C00EFBF63}.Release|Any CPU.ActiveCfg = Debug|Any CPU
		{028799A4-E2FD-4901-B950-666C00EFBF63}.Release|Any CPU.Build.0 = Debug|Any CPU
		{028799A4-E2FD-4901-B950-666C00EFBF63}.Release|ARM.ActiveCfg = Release|Any CPU
		{028799A4-E2FD-4901-B950-666C00EFBF63}.Release|iPhone.ActiveCfg = Release|Any CPU
		{028799A4-E2FD-4901-B950-666C00EFBF63}.Release|iPhoneSimulator.ActiveCfg = Release|Any CPU
		{028799A4-E2FD-4901-B950-666C00EFBF63}.Release|Mixed Platforms.ActiveCfg = Release|Any CPU
		{028799A4-E2FD-4901-B950-666C00EFBF63}.Release|Mixed Platforms.Build.0 = Release|Any CPU
		{028799A4-E2FD-4901-B950-666C00EFBF63}.Release|x64.ActiveCfg = Release|Any CPU
		{028799A4-E2FD-4901-B950-666C00EFBF63}.Release|x86.ActiveCfg = Release|Any CPU
	EndGlobalSection
	GlobalSection(SolutionProperties) = preSolution
		HideSolutionNode = FALSE
	EndGlobalSection
EndGlobal
